[root]
name = "hex_edit"
version = "0.1.0"
dependencies = [
 "pancurses 0.7.0 (registry+https://github.com/rust-lang/crates.io-index)",
]

[[package]]
name = "gcc"
version = "0.3.35"
source = "registry+https://github.com/rust-lang/crates.io-index"

[[package]]
name = "libc"
version = "0.2.16"
source = "registry+https://github.com/rust-lang/crates.io-index"

[[package]]
name = "log"
version = "0.3.6"
source = "registry+https://github.com/rust-lang/crates.io-index"

[[package]]
name = "ncurses"
version = "5.82.0"
source = "registry+https://github.com/rust-lang/crates.io-index"
dependencies = [
 "libc 0.2.16 (registry+https://github.com/rust-lang/crates.io-index)",
]

[[package]]
name = "pancurses"
version = "0.7.0"
source = "registry+https://github.com/rust-lang/crates.io-index"
dependencies = [
 "libc 0.2.16 (registry+https://github.com/rust-lang/crates.io-index)",
 "log 0.3.6 (registry+https://github.com/rust-lang/crates.io-index)",
 "ncurses 5.82.0 (registry+https://github.com/rust-lang/crates.io-index)",
 "pdcurses-sys 0.3.0 (registry+https://github.com/rust-lang/crates.io-index)",
]

[[package]]
name = "pdcurses-sys"
version = "0.3.0"
source = "registry+https://github.com/rust-lang/crates.io-index"
dependencies = [
 "gcc 0.3.35 (registry+https://github.com/rust-lang/crates.io-index)",
 "libc 0.2.16 (registry+https://github.com/rust-lang/crates.io-index)",
]

